
Microsoft Visual Studio Solution File, Format Version 12.00
# Visual Studio Version 17
VisualStudioVersion = 17.3.32929.385
MinimumVisualStudioVersion = 10.0.40219.1
Project("{FAE04EC0-301F-11D3-BF4B-00C04F79EFBC}") = "Scratch", "Scratch.csproj", "{CC4974C6-C623-438D-AE82-78EAC63F66EE}"
EndProject
Global
	GlobalSection(SolutionConfigurationPlatforms) = preSolution
		Debug|Any CPU = Debug|Any CPU
		Release|Any CPU = Release|Any CPU
	EndGlobalSection
	GlobalSection(ProjectConfigurationPlatforms) = postSolution
		{CC4974C6-C623-438D-AE82-78EAC63F66EE}.Debug|Any CPU.ActiveCfg = Debug|Any CPU
		{CC4974C6-C623-438D-AE82-78EAC63F66EE}.Debug|Any CPU.Build.0 = Debug|Any CPU
		{CC4974C6-C623-438D-AE82-78EAC63F66EE}.Debug|Any CPU.Deploy.0 = Debug|Any CPU
		{CC4974C6-C623-438D-AE82-78EAC63F66EE}.Release|Any CPU.ActiveCfg = Release|Any CPU
		{CC4974C6-C623-438D-AE82-78EAC63F66EE}.Release|Any CPU.Build.0 = Release|Any CPU
		{CC4974C6-C623-438D-AE82-78EAC63F66EE}.Release|Any CPU.Deploy.0 = Release|Any CPU
	EndGlobalSection
	GlobalSection(SolutionProperties) = preSolution
		HideSolutionNode = FALSE
	EndGlobalSection
	GlobalSection(ExtensibilityGlobals) = postSolution
		SolutionGuid = {02CF79C6-A247-4CE3-A302-DE26A23ABF16}
	EndGlobalSection
EndGlobal
